
Microsoft Visual Studio Solution File, Format Version 12.00
# Visual Studio 15
Project("{FAE04EC0-301F-11D3-BF4B-00C04F79EFBC}") = "Assembly-CSharp", "Assembly-CSharp.csproj", "{3C471FD0-9037-70D8-DCB0-C3D6ECA7C8B6}"
EndProject
Project("{FAE04EC0-301F-11D3-BF4B-00C04F79EFBC}") = "Assembly-CSharp-Editor", "Assembly-CSharp-Editor.csproj", "{3680D085-C788-30A7-1339-9E8D7FC934D7}"
EndProject
Global
	GlobalSection(SolutionConfigurationPlatforms) = preSolution
		Debug|Any CPU = Debug|Any CPU
		Release|Any CPU = Release|Any CPU
	EndGlobalSection
	GlobalSection(ProjectConfigurationPlatforms) = postSolution
		{3C471FD0-9037-70D8-DCB0-C3D6ECA7C8B6}.Debug|Any CPU.ActiveCfg = Debug|Any CPU
		{3C471FD0-9037-70D8-DCB0-C3D6ECA7C8B6}.Debug|Any CPU.Build.0 = Debug|Any CPU
		{3C471FD0-9037-70D8-DCB0-C3D6ECA7C8B6}.Release|Any CPU.ActiveCfg = Release|Any CPU
		{3C471FD0-9037-70D8-DCB0-C3D6ECA7C8B6}.Release|Any CPU.Build.0 = Release|Any CPU
		{3680D085-C788-30A7-1339-9E8D7FC934D7}.Debug|Any CPU.ActiveCfg = Debug|Any CPU
		{3680D085-C788-30A7-1339-9E8D7FC934D7}.Debug|Any CPU.Build.0 = Debug|Any CPU
		{3680D085-C788-30A7-1339-9E8D7FC934D7}.Release|Any CPU.ActiveCfg = Release|Any CPU
		{3680D085-C788-30A7-1339-9E8D7FC934D7}.Release|Any CPU.Build.0 = Release|Any CPU
	EndGlobalSection
	GlobalSection(SolutionProperties) = preSolution
		HideSolutionNode = FALSE
	EndGlobalSection
EndGlobal
